Microsoft Visual Studio Solution File, Format Version 12.00
# Visual Studio Version 17
VisualStudioVersion = 17.5.2.0
MinimumVisualStudioVersion = 10.0.40219.1
Project("{FAE04EC0-301F-11D3-BF4B-00C04F79EFBC}") = "be_m1_linq", "be_m1_linq.csproj", "{D271A066-DBD6-8220-336F-7E2DB4D4DFBB}"
EndProject
Global
	GlobalSection(SolutionConfigurationPlatforms) = preSolution
		Debug|Any CPU = Debug|Any CPU
		Release|Any CPU = Release|Any CPU
	EndGlobalSection
	GlobalSection(ProjectConfigurationPlatforms) = postSolution
		{D271A066-DBD6-8220-336F-7E2DB4D4DFBB}.Debug|Any CPU.ActiveCfg = Debug|Any CPU
		{D271A066-DBD6-8220-336F-7E2DB4D4DFBB}.Debug|Any CPU.Build.0 = Debug|Any CPU
		{D271A066-DBD6-8220-336F-7E2DB4D4DFBB}.Release|Any CPU.ActiveCfg = Release|Any CPU
		{D271A066-DBD6-8220-336F-7E2DB4D4DFBB}.Release|Any CPU.Build.0 = Release|Any CPU
	EndGlobalSection
	GlobalSection(SolutionProperties) = preSolution
		HideSolutionNode = FALSE
	EndGlobalSection
	GlobalSection(ExtensibilityGlobals) = postSolution
		SolutionGuid = {7035411C-753B-4F6D-9C49-BC0AFB7713E3}
	EndGlobalSection
EndGlobal
